// !$*UTF8*$!
{
	archiveVersion = 1;
	classes = {
	};
	objectVersion = 56;
	objects = {

/* Begin PBXBuildFile section */
		AF4B1D002C6A804A00FDA3EC /* AppDelegate.swift in Sources */ = {isa = PBXBuildFile; fileRef = AF4B1CFF2C6A804A00FDA3EC /* AppDelegate.swift */; };
		AF4B1D022C6A804A00FDA3EC /* SceneDelegate.swift in Sources */ = {isa = PBXBuildFile; fileRef = AF4B1D012C6A804A00FDA3EC /* SceneDelegate.swift */; };
		AF4B1D042C6A804A00FDA3EC /* HomeViewController.swift in Sources */ = {isa = PBXBuildFile; fileRef = AF4B1D032C6A804A00FDA3EC /* HomeViewController.swift */; };
		AF4B1D092C6A804E00FDA3EC /* Assets.xcassets in Resources */ = {isa = PBXBuildFile; fileRef = AF4B1D082C6A804E00FDA3EC /* Assets.xcassets */; };
		AF4B1D0C2C6A804E00FDA3EC /* Base in Resources */ = {isa = PBXBuildFile; fileRef = AF4B1D0B2C6A804E00FDA3EC /* Base */; };
		AF4B1D142C6A825500FDA3EC /* TabBarController.swift in Sources */ = {isa = PBXBuildFile; fileRef = AF4B1D132C6A825500FDA3EC /* TabBarController.swift */; };
		AF4B1D162C6A830900FDA3EC /* SearchViewController.swift in Sources */ = {isa = PBXBuildFile; fileRef = AF4B1D152C6A830900FDA3EC /* SearchViewController.swift */; };
		AF4B1D182C6A837B00FDA3EC /* AddViewController.swift in Sources */ = {isa = PBXBuildFile; fileRef = AF4B1D172C6A837B00FDA3EC /* AddViewController.swift */; };
		AF4B1D1A2C6A83BD00FDA3EC /* LogInViewController.swift in Sources */ = {isa = PBXBuildFile; fileRef = AF4B1D192C6A83BD00FDA3EC /* LogInViewController.swift */; };
		AF4B1D1D2C6A8BBE00FDA3EC /* SnapKit in Frameworks */ = {isa = PBXBuildFile; productRef = AF4B1D1C2C6A8BBE00FDA3EC /* SnapKit */; };
		AF4B1D1F2C6A8BBE00FDA3EC /* SnapKit-Dynamic in Frameworks */ = {isa = PBXBuildFile; productRef = AF4B1D1E2C6A8BBE00FDA3EC /* SnapKit-Dynamic */; };
		AF4B1D242C6BA18E00FDA3EC /* HomeVCCell.swift in Sources */ = {isa = PBXBuildFile; fileRef = AF4B1D232C6BA18E00FDA3EC /* HomeVCCell.swift */; };
		AF4B1D482C6CEB8300FDA3EC /* NetworkService.swift in Sources */ = {isa = PBXBuildFile; fileRef = AF4B1D472C6CEB8300FDA3EC /* NetworkService.swift */; };
		AF4B1D4A2C6D373100FDA3EC /* NetworkDataFetch.swift in Sources */ = {isa = PBXBuildFile; fileRef = AF4B1D492C6D373100FDA3EC /* NetworkDataFetch.swift */; };
		AF4B1D4C2C6D376500FDA3EC /* SearchResults.swift in Sources */ = {isa = PBXBuildFile; fileRef = AF4B1D4B2C6D376500FDA3EC /* SearchResults.swift */; };
		AF4B1D4F2C6E4A4C00FDA3EC /* PhotosCell.swift in Sources */ = {isa = PBXBuildFile; fileRef = AF4B1D4E2C6E4A4C00FDA3EC /* PhotosCell.swift */; };
		AF4B1D522C6E4AC200FDA3EC /* SDWebImage in Frameworks */ = {isa = PBXBuildFile; productRef = AF4B1D512C6E4AC200FDA3EC /* SDWebImage */; };
		AF4B1D542C6E4AC200FDA3EC /* SDWebImageMapKit in Frameworks */ = {isa = PBXBuildFile; productRef = AF4B1D532C6E4AC200FDA3EC /* SDWebImageMapKit */; };
		AF4B1D562C70A55000FDA3EC /* NetworkServiceMain.swift in Sources */ = {isa = PBXBuildFile; fileRef = AF4B1D552C70A55000FDA3EC /* NetworkServiceMain.swift */; };
/* End PBXBuildFile section */

/* Begin PBXFileReference section */
		AF4B1CFC2C6A804A00FDA3EC /* Unsplash.app */ = {isa = PBXFileReference; explicitFileType = wrapper.application; includeInIndex = 0; path = Unsplash.app; sourceTree = BUILT_PRODUCTS_DIR; };
		AF4B1CFF2C6A804A00FDA3EC /* AppDelegate.swift */ = {isa = PBXFileReference; lastKnownFileType = sourcecode.swift; path = AppDelegate.swift; sourceTree = "<group>"; };
		AF4B1D012C6A804A00FDA3EC /* SceneDelegate.swift */ = {isa = PBXFileReference; lastKnownFileType = sourcecode.swift; path = SceneDelegate.swift; sourceTree = "<group>"; };
		AF4B1D032C6A804A00FDA3EC /* HomeViewController.swift */ = {isa = PBXFileReference; lastKnownFileType = sourcecode.swift; path = HomeViewController.swift; sourceTree = "<group>"; };
		AF4B1D082C6A804E00FDA3EC /* Assets.xcassets */ = {isa = PBXFileReference; lastKnownFileType = folder.assetcatalog; path = Assets.xcassets; sourceTree = "<group>"; };
		AF4B1D0B2C6A804E00FDA3EC /* Base */ = {isa = PBXFileReference; lastKnownFileType = file.storyboard; name = Base; path = Base.lproj/LaunchScreen.storyboard; sourceTree = "<group>"; };
		AF4B1D0D2C6A804E00FDA3EC /* Info.plist */ = {isa = PBXFileReference; lastKnownFileType = text.plist.xml; path = Info.plist; sourceTree = "<group>"; };
		AF4B1D132C6A825500FDA3EC /* TabBarController.swift */ = {isa = PBXFileReference; lastKnownFileType = sourcecode.swift; path = TabBarController.swift; sourceTree = "<group>"; };
		AF4B1D152C6A830900FDA3EC /* SearchViewController.swift */ = {isa = PBXFileReference; lastKnownFileType = sourcecode.swift; path = SearchViewController.swift; sourceTree = "<group>"; };
		AF4B1D172C6A837B00FDA3EC /* AddViewController.swift */ = {isa = PBXFileReference; lastKnownFileType = sourcecode.swift; path = AddViewController.swift; sourceTree = "<group>"; };
		AF4B1D192C6A83BD00FDA3EC /* LogInViewController.swift */ = {isa = PBXFileReference; lastKnownFileType = sourcecode.swift; path = LogInViewController.swift; sourceTree = "<group>"; };
		AF4B1D232C6BA18E00FDA3EC /* HomeVCCell.swift */ = {isa = PBXFileReference; lastKnownFileType = sourcecode.swift; path = HomeVCCell.swift; sourceTree = "<group>"; };
		AF4B1D472C6CEB8300FDA3EC /* NetworkService.swift */ = {isa = PBXFileReference; lastKnownFileType = sourcecode.swift; path = NetworkService.swift; sourceTree = "<group>"; };
		AF4B1D492C6D373100FDA3EC /* NetworkDataFetch.swift */ = {isa = PBXFileReference; lastKnownFileType = sourcecode.swift; path = NetworkDataFetch.swift; sourceTree = "<group>"; };
		AF4B1D4B2C6D376500FDA3EC /* SearchResults.swift */ = {isa = PBXFileReference; lastKnownFileType = sourcecode.swift; path = SearchResults.swift; sourceTree = "<group>"; };
		AF4B1D4E2C6E4A4C00FDA3EC /* PhotosCell.swift */ = {isa = PBXFileReference; lastKnownFileType = sourcecode.swift; path = PhotosCell.swift; sourceTree = "<group>"; };
		AF4B1D552C70A55000FDA3EC /* NetworkServiceMain.swift */ = {isa = PBXFileReference; lastKnownFileType = sourcecode.swift; path = NetworkServiceMain.swift; sourceTree = "<group>"; };
/* End PBXFileReference section */

/* Begin PBXFrameworksBuildPhase section */
		AF4B1CF92C6A804A00FDA3EC /* Frameworks */ = {
			isa = PBXFrameworksBuildPhase;
			buildActionMask = 2147483647;
			files = (
				AF4B1D522C6E4AC200FDA3EC /* SDWebImage in Frameworks */,
				AF4B1D1D2C6A8BBE00FDA3EC /* SnapKit in Frameworks */,
				AF4B1D542C6E4AC200FDA3EC /* SDWebImageMapKit in Frameworks */,
				AF4B1D1F2C6A8BBE00FDA3EC /* SnapKit-Dynamic in Frameworks */,
			);
			runOnlyForDeploymentPostprocessing = 0;
		};
/* End PBXFrameworksBuildPhase section */

/* Begin PBXGroup section */
		AF4B1CF32C6A804A00FDA3EC = {
			isa = PBXGroup;
			children = (
				AF4B1CFE2C6A804A00FDA3EC /* Unsplash */,
				AF4B1CFD2C6A804A00FDA3EC /* Products */,
			);
			sourceTree = "<group>";
		};
		AF4B1CFD2C6A804A00FDA3EC /* Products */ = {
			isa = PBXGroup;
			children = (
				AF4B1CFC2C6A804A00FDA3EC /* Unsplash.app */,
			);
			name = Products;
			sourceTree = "<group>";
		};
		AF4B1CFE2C6A804A00FDA3EC /* Unsplash */ = {
			isa = PBXGroup;
			children = (
				AF4B1D202C6B8D0900FDA3EC /* Api */,
				AF4B1CFF2C6A804A00FDA3EC /* AppDelegate.swift */,
				AF4B1D012C6A804A00FDA3EC /* SceneDelegate.swift */,
				AF4B1D032C6A804A00FDA3EC /* HomeViewController.swift */,
				AF4B1D152C6A830900FDA3EC /* SearchViewController.swift */,
				AF4B1D172C6A837B00FDA3EC /* AddViewController.swift */,
				AF4B1D4E2C6E4A4C00FDA3EC /* PhotosCell.swift */,
				AF4B1D192C6A83BD00FDA3EC /* LogInViewController.swift */,
				AF4B1D132C6A825500FDA3EC /* TabBarController.swift */,
				AF4B1D232C6BA18E00FDA3EC /* HomeVCCell.swift */,
				AF4B1D082C6A804E00FDA3EC /* Assets.xcassets */,
				AF4B1D0A2C6A804E00FDA3EC /* LaunchScreen.storyboard */,
				AF4B1D0D2C6A804E00FDA3EC /* Info.plist */,
			);
			path = Unsplash;
			sourceTree = "<group>";
		};
		AF4B1D202C6B8D0900FDA3EC /* Api */ = {
			isa = PBXGroup;
			children = (
				AF4B1D472C6CEB8300FDA3EC /* NetworkService.swift */,
				AF4B1D552C70A55000FDA3EC /* NetworkServiceMain.swift */,
				AF4B1D492C6D373100FDA3EC /* NetworkDataFetch.swift */,
				AF4B1D4D2C6D383D00FDA3EC /* Models */,
			);
			path = Api;
			sourceTree = "<group>";
		};
		AF4B1D4D2C6D383D00FDA3EC /* Models */ = {
			isa = PBXGroup;
			children = (
				AF4B1D4B2C6D376500FDA3EC /* SearchResults.swift */,
			);
			path = Models;
			sourceTree = "<group>";
		};
/* End PBXGroup section */

/* Begin PBXNativeTarget section */
		AF4B1CFB2C6A804A00FDA3EC /* Unsplash */ = {
			isa = PBXNativeTarget;
			buildConfigurationList = AF4B1D102C6A804E00FDA3EC /* Build configuration list for PBXNativeTarget "Unsplash" */;
			buildPhases = (
				AF4B1CF82C6A804A00FDA3EC /* Sources */,
				AF4B1CF92C6A804A00FDA3EC /* Frameworks */,
				AF4B1CFA2C6A804A00FDA3EC /* Resources */,
			);
			buildRules = (
			);
			dependencies = (
			);
			name = Unsplash;
			packageProductDependencies = (
				AF4B1D1C2C6A8BBE00FDA3EC /* SnapKit */,
				AF4B1D1E2C6A8BBE00FDA3EC /* SnapKit-Dynamic */,
				AF4B1D512C6E4AC200FDA3EC /* SDWebImage */,
				AF4B1D532C6E4AC200FDA3EC /* SDWebImageMapKit */,
			);
			productName = Unsplash;
			productReference = AF4B1CFC2C6A804A00FDA3EC /* Unsplash.app */;
			productType = "com.apple.product-type.application";
		};
/* End PBXNativeTarget section */

/* Begin PBXProject section */
		AF4B1CF42C6A804A00FDA3EC /* Project object */ = {
			isa = PBXProject;
			attributes = {
				BuildIndependentTargetsInParallel = 1;
				LastSwiftUpdateCheck = 1530;
				LastUpgradeCheck = 1530;
				TargetAttributes = {
					AF4B1CFB2C6A804A00FDA3EC = {
						CreatedOnToolsVersion = 15.3;
					};
				};
			};
			buildConfigurationList = AF4B1CF72C6A804A00FDA3EC /* Build configuration list for PBXProject "Unsplash" */;
			compatibilityVersion = "Xcode 14.0";
			developmentRegion = en;
			hasScannedForEncodings = 0;
			knownRegions = (
				en,
				Base,
			);
			mainGroup = AF4B1CF32C6A804A00FDA3EC;
			packageReferences = (
				AF4B1D1B2C6A8BBD00FDA3EC /* XCRemoteSwiftPackageReference "SnapKit" */,
				AF4B1D502C6E4AC200FDA3EC /* XCRemoteSwiftPackageReference "SDWebImage" */,
			);
			productRefGroup = AF4B1CFD2C6A804A00FDA3EC /* Products */;
			projectDirPath = "";
			projectRoot = "";
			targets = (
				AF4B1CFB2C6A804A00FDA3EC /* Unsplash */,
			);
		};
/* End PBXProject section */

/* Begin PBXResourcesBuildPhase section */
		AF4B1CFA2C6A804A00FDA3EC /* Resources */ = {
			isa = PBXResourcesBuildPhase;
			buildActionMask = 2147483647;
			files = (
				AF4B1D092C6A804E00FDA3EC /* Assets.xcassets in Resources */,
				AF4B1D0C2C6A804E00FDA3EC /* Base in Resources */,
			);
			runOnlyForDeploymentPostprocessing = 0;
		};
/* End PBXResourcesBuildPhase section */

/* Begin PBXSourcesBuildPhase section */
		AF4B1CF82C6A804A00FDA3EC /* Sources */ = {
			isa = PBXSourcesBuildPhase;
			buildActionMask = 2147483647;
			files = (
				AF4B1D562C70A55000FDA3EC /* NetworkServiceMain.swift in Sources */,
				AF4B1D4C2C6D376500FDA3EC /* SearchResults.swift in Sources */,
				AF4B1D162C6A830900FDA3EC /* SearchViewController.swift in Sources */,
				AF4B1D042C6A804A00FDA3EC /* HomeViewController.swift in Sources */,
				AF4B1D242C6BA18E00FDA3EC /* HomeVCCell.swift in Sources */,
				AF4B1D182C6A837B00FDA3EC /* AddViewController.swift in Sources */,
				AF4B1D1A2C6A83BD00FDA3EC /* LogInViewController.swift in Sources */,
				AF4B1D482C6CEB8300FDA3EC /* NetworkService.swift in Sources */,
				AF4B1D4A2C6D373100FDA3EC /* NetworkDataFetch.swift in Sources */,
				AF4B1D4F2C6E4A4C00FDA3EC /* PhotosCell.swift in Sources */,
				AF4B1D142C6A825500FDA3EC /* TabBarController.swift in Sources */,
				AF4B1D002C6A804A00FDA3EC /* AppDelegate.swift in Sources */,
				AF4B1D022C6A804A00FDA3EC /* SceneDelegate.swift in Sources */,
			);
			runOnlyForDeploymentPostprocessing = 0;
		};
/* End PBXSourcesBuildPhase section */

/* Begin PBXVariantGroup section */
		AF4B1D0A2C6A804E00FDA3EC /* LaunchScreen.storyboard */ = {
			isa = PBXVariantGroup;
			children = (
				AF4B1D0B2C6A804E00FDA3EC /* Base */,
			);
			name = LaunchScreen.storyboard;
			sourceTree = "<group>";
		};
/* End PBXVariantGroup section */

/* Begin XCBuildConfiguration section */
		AF4B1D0E2C6A804E00FDA3EC /* Debug */ = {
			isa = XCBuildConfiguration;
			buildSettings = {
				ALWAYS_SEARCH_USER_PATHS = NO;
				ASSETCATALOG_COMPILER_GENERATE_SWIFT_ASSET_SYMBOL_EXTENSIONS = YES;
				CLANG_ANALYZER_NONNULL = YES;
				CLANG_ANALYZER_NUMBER_OBJECT_CONVERSION = YES_AGGRESSIVE;
				CLANG_CXX_LANGUAGE_STANDARD = "gnu++20";
				CLANG_ENABLE_MODULES = YES;
				CLANG_ENABLE_OBJC_ARC = YES;
				CLANG_ENABLE_OBJC_WEAK = YES;
				CLANG_WARN_BLOCK_CAPTURE_AUTORELEASING = YES;
				CLANG_WARN_BOOL_CONVERSION = YES;
				CLANG_WARN_COMMA = YES;
				CLANG_WARN_CONSTANT_CONVERSION = YES;
				CLANG_WARN_DEPRECATED_OBJC_IMPLEMENTATIONS = YES;
				CLANG_WARN_DIRECT_OBJC_ISA_USAGE = YES_ERROR;
				CLANG_WARN_DOCUMENTATION_COMMENTS = YES;
				CLANG_WARN_EMPTY_BODY = YES;
				CLANG_WARN_ENUM_CONVERSION = YES;
				CLANG_WARN_INFINITE_RECURSION = YES;
				CLANG_WARN_INT_CONVERSION = YES;
				CLANG_WARN_NON_LITERAL_NULL_CONVERSION = YES;
				CLANG_WARN_OBJC_IMPLICIT_RETAIN_SELF = YES;
				CLANG_WARN_OBJC_LITERAL_CONVERSION = YES;
				CLANG_WARN_OBJC_ROOT_CLASS = YES_ERROR;
				CLANG_WARN_QUOTED_INCLUDE_IN_FRAMEWORK_HEADER = YES;
				CLANG_WARN_RANGE_LOOP_ANALYSIS = YES;
				CLANG_WARN_STRICT_PROTOTYPES = YES;
				CLANG_WARN_SUSPICIOUS_MOVE = YES;
				CLANG_WARN_UNGUARDED_AVAILABILITY = YES_AGGRESSIVE;
				CLANG_WARN_UNREACHABLE_CODE = YES;
				CLANG_WARN__DUPLICATE_METHOD_MATCH = YES;
				COPY_PHASE_STRIP = NO;
				DEBUG_INFORMATION_FORMAT = dwarf;
				ENABLE_STRICT_OBJC_MSGSEND = YES;
				ENABLE_TESTABILITY = YES;
				ENABLE_USER_SCRIPT_SANDBOXING = YES;
				GCC_C_LANGUAGE_STANDARD = gnu17;
				GCC_DYNAMIC_NO_PIC = NO;
				GCC_NO_COMMON_BLOCKS = YES;
				GCC_OPTIMIZATION_LEVEL = 0;
				GCC_PREPROCESSOR_DEFINITIONS = (
					"DEBUG=1",
					"$(inherited)",
				);
				GCC_WARN_64_TO_32_BIT_CONVERSION = YES;
				GCC_WARN_ABOUT_RETURN_TYPE = YES_ERROR;
				GCC_WARN_UNDECLARED_SELECTOR = YES;
				GCC_WARN_UNINITIALIZED_AUTOS = YES_AGGRESSIVE;
				GCC_WARN_UNUSED_FUNCTION = YES;
				GCC_WARN_UNUSED_VARIABLE = YES;
				IPHONEOS_DEPLOYMENT_TARGET = 17.4;
				LOCALIZATION_PREFERS_STRING_CATALOGS = YES;
				MTL_ENABLE_DEBUG_INFO = INCLUDE_SOURCE;
				MTL_FAST_MATH = YES;
				ONLY_ACTIVE_ARCH = YES;
				SDKROOT = iphoneos;
				SWIFT_ACTIVE_COMPILATION_CONDITIONS = "DEBUG $(inherited)";
				SWIFT_OPTIMIZATION_LEVEL = "-Onone";
			};
			name = Debug;
		};
		AF4B1D0F2C6A804E00FDA3EC /* Release */ = {
			isa = XCBuildConfiguration;
			buildSettings = {
				ALWAYS_SEARCH_USER_PATHS = NO;
				ASSETCATALOG_COMPILER_GENERATE_SWIFT_ASSET_SYMBOL_EXTENSIONS = YES;
				CLANG_ANALYZER_NONNULL = YES;
				CLANG_ANALYZER_NUMBER_OBJECT_CONVERSION = YES_AGGRESSIVE;
				CLANG_CXX_LANGUAGE_STANDARD = "gnu++20";
				CLANG_ENABLE_MODULES = YES;
				CLANG_ENABLE_OBJC_ARC = YES;
				CLANG_ENABLE_OBJC_WEAK = YES;
				CLANG_WARN_BLOCK_CAPTURE_AUTORELEASING = YES;
				CLANG_WARN_BOOL_CONVERSION = YES;
				CLANG_WARN_COMMA = YES;
				CLANG_WARN_CONSTANT_CONVERSION = YES;
				CLANG_WARN_DEPRECATED_OBJC_IMPLEMENTATIONS = YES;
				CLANG_WARN_DIRECT_OBJC_ISA_USAGE = YES_ERROR;
				CLANG_WARN_DOCUMENTATION_COMMENTS = YES;
				CLANG_WARN_EMPTY_BODY = YES;
				CLANG_WARN_ENUM_CONVERSION = YES;
				CLANG_WARN_INFINITE_RECURSION = YES;
				CLANG_WARN_INT_CONVERSION = YES;
				CLANG_WARN_NON_LITERAL_NULL_CONVERSION = YES;
				CLANG_WARN_OBJC_IMPLICIT_RETAIN_SELF = YES;
				CLANG_WARN_OBJC_LITERAL_CONVERSION = YES;
				CLANG_WARN_OBJC_ROOT_CLASS = YES_ERROR;
				CLANG_WARN_QUOTED_INCLUDE_IN_FRAMEWORK_HEADER = YES;
				CLANG_WARN_RANGE_LOOP_ANALYSIS = YES;
				CLANG_WARN_STRICT_PROTOTYPES = YES;
				CLANG_WARN_SUSPICIOUS_MOVE = YES;
				CLANG_WARN_UNGUARDED_AVAILABILITY = YES_AGGRESSIVE;
				CLANG_WARN_UNREACHABLE_CODE = YES;
				CLANG_WARN__DUPLICATE_METHOD_MATCH = YES;
				COPY_PHASE_STRIP = NO;
				DEBUG_INFORMATION_FORMAT = "dwarf-with-dsym";
				ENABLE_NS_ASSERTIONS = NO;
				ENABLE_STRICT_OBJC_MSGSEND = YES;
				ENABLE_USER_SCRIPT_SANDBOXING = YES;
				GCC_C_LANGUAGE_STANDARD = gnu17;
				GCC_NO_COMMON_BLOCKS = YES;
				GCC_WARN_64_TO_32_BIT_CONVERSION = YES;
				GCC_WARN_ABOUT_RETURN_TYPE = YES_ERROR;
				GCC_WARN_UNDECLARED_SELECTOR = YES;
				GCC_WARN_UNINITIALIZED_AUTOS = YES_AGGRESSIVE;
				GCC_WARN_UNUSED_FUNCTION = YES;
				GCC_WARN_UNUSED_VARIABLE = YES;
				IPHONEOS_DEPLOYMENT_TARGET = 17.4;
				LOCALIZATION_PREFERS_STRING_CATALOGS = YES;
				MTL_ENABLE_DEBUG_INFO = NO;
				MTL_FAST_MATH = YES;
				SDKROOT = iphoneos;
				SWIFT_COMPILATION_MODE = wholemodule;
				VALIDATE_PRODUCT = YES;
			};
			name = Release;
		};
		AF4B1D112C6A804E00FDA3EC /* Debug */ = {
			isa = XCBuildConfiguration;
			buildSettings = {
				ASSETCATALOG_COMPILER_APPICON_NAME = AppIcon;
				ASSETCATALOG_COMPILER_GLOBAL_ACCENT_COLOR_NAME = AccentColor;
				CODE_SIGN_STYLE = Automatic;
				CURRENT_PROJECT_VERSION = 1;
				DEVELOPMENT_TEAM = H26KGNHNNP;
				GENERATE_INFOPLIST_FILE = YES;
				INFOPLIST_FILE = Unsplash/Info.plist;
				INFOPLIST_KEY_UIApplicationSupportsIndirectInputEvents = YES;
				INFOPLIST_KEY_UILaunchStoryboardName = LaunchScreen;
				INFOPLIST_KEY_UISupportedInterfaceOrientations_iPad = "UIInterfaceOrientationPortrait UIInterfaceOrientationPortraitUpsideDown UIInterfaceOrientationLandscapeLeft UIInterfaceOrientationLandscapeRight";
				INFOPLIST_KEY_UISupportedInterfaceOrientations_iPhone = "UIInterfaceOrientationPortrait UIInterfaceOrientationLandscapeLeft UIInterfaceOrientationLandscapeRight";
				IPHONEOS_DEPLOYMENT_TARGET = 16.0;
				LD_RUNPATH_SEARCH_PATHS = (
					"$(inherited)",
					"@executable_path/Frameworks",
				);
				MARKETING_VERSION = 1.0;
				PRODUCT_BUNDLE_IDENTIFIER = com.tatu.Unsplash;
				PRODUCT_NAME = "$(TARGET_NAME)";
				SWIFT_EMIT_LOC_STRINGS = YES;
				SWIFT_VERSION = 5.0;
				TARGETED_DEVICE_FAMILY = "1,2";
			};
			name = Debug;
		};
		AF4B1D122C6A804E00FDA3EC /* Release */ = {
			isa = XCBuildConfiguration;
			buildSettings = {
				ASSETCATALOG_COMPILER_APPICON_NAME = AppIcon;
				ASSETCATALOG_COMPILER_GLOBAL_ACCENT_COLOR_NAME = AccentColor;
				CODE_SIGN_STYLE = Automatic;
				CURRENT_PROJECT_VERSION = 1;
				DEVELOPMENT_TEAM = H26KGNHNNP;
				GENERATE_INFOPLIST_FILE = YES;
				INFOPLIST_FILE = Unsplash/Info.plist;
				INFOPLIST_KEY_UIApplicationSupportsIndirectInputEvents = YES;
				INFOPLIST_KEY_UILaunchStoryboardName = LaunchScreen;
				INFOPLIST_KEY_UISupportedInterfaceOrientations_iPad = "UIInterfaceOrientationPortrait UIInterfaceOrientationPortraitUpsideDown UIInterfaceOrientationLandscapeLeft UIInterfaceOrientationLandscapeRight";
				INFOPLIST_KEY_UISupportedInterfaceOrientations_iPhone = "UIInterfaceOrientationPortrait UIInterfaceOrientationLandscapeLeft UIInterfaceOrientationLandscapeRight";
				IPHONEOS_DEPLOYMENT_TARGET = 16.0;
				LD_RUNPATH_SEARCH_PATHS = (
					"$(inherited)",
					"@executable_path/Frameworks",
				);
				MARKETING_VERSION = 1.0;
				PRODUCT_BUNDLE_IDENTIFIER = com.tatu.Unsplash;
				PRODUCT_NAME = "$(TARGET_NAME)";
				SWIFT_EMIT_LOC_STRINGS = YES;
				SWIFT_VERSION = 5.0;
				TARGETED_DEVICE_FAMILY = "1,2";
			};
			name = Release;
		};
/* End XCBuildConfiguration section */

/* Begin XCConfigurationList section */
		AF4B1CF72C6A804A00FDA3EC /* Build configuration list for PBXProject "Unsplash" */ = {
			isa = XCConfigurationList;
			buildConfigurations = (
				AF4B1D0E2C6A804E00FDA3EC /* Debug */,
				AF4B1D0F2C6A804E00FDA3EC /* Release */,
			);
			defaultConfigurationIsVisible = 0;
			defaultConfigurationName = Release;
		};
		AF4B1D102C6A804E00FDA3EC /* Build configuration list for PBXNativeTarget "Unsplash" */ = {
			isa = XCConfigurationList;
			buildConfigurations = (
				AF4B1D112C6A804E00FDA3EC /* Debug */,
				AF4B1D122C6A804E00FDA3EC /* Release */,
			);
			defaultConfigurationIsVisible = 0;
			defaultConfigurationName = Release;
		};
/* End XCConfigurationList section */

/* Begin XCRemoteSwiftPackageReference section */
		AF4B1D1B2C6A8BBD00FDA3EC /* XCRemoteSwiftPackageReference "SnapKit" */ = {
			isa = XCRemoteSwiftPackageReference;
			repositoryURL = "https://github.com/SnapKit/SnapKit.git";
			requirement = {
				kind = upToNextMajorVersion;
				minimumVersion = 5.7.1;
			};
		};
		AF4B1D502C6E4AC200FDA3EC /* XCRemoteSwiftPackageReference "SDWebImage" */ = {
			isa = XCRemoteSwiftPackageReference;
			repositoryURL = "https://github.com/SDWebImage/SDWebImage.git";
			requirement = {
				kind = upToNextMajorVersion;
				minimumVersion = 5.19.6;
			};
		};
/* End XCRemoteSwiftPackageReference section */

/* Begin XCSwiftPackageProductDependency section */
		AF4B1D1C2C6A8BBE00FDA3EC /* SnapKit */ = {
			isa = XCSwiftPackageProductDependency;
			package = AF4B1D1B2C6A8BBD00FDA3EC /* XCRemoteSwiftPackageReference "SnapKit" */;
			productName = SnapKit;
		};
		AF4B1D1E2C6A8BBE00FDA3EC /* SnapKit-Dynamic */ = {
			isa = XCSwiftPackageProductDependency;
			package = AF4B1D1B2C6A8BBD00FDA3EC /* XCRemoteSwiftPackageReference "SnapKit" */;
			productName = "SnapKit-Dynamic";
		};
		AF4B1D512C6E4AC200FDA3EC /* SDWebImage */ = {
			isa = XCSwiftPackageProductDependency;
			package = AF4B1D502C6E4AC200FDA3EC /* XCRemoteSwiftPackageReference "SDWebImage" */;
			productName = SDWebImage;
		};
		AF4B1D532C6E4AC200FDA3EC /* SDWebImageMapKit */ = {
			isa = XCSwiftPackageProductDependency;
			package = AF4B1D502C6E4AC200FDA3EC /* XCRemoteSwiftPackageReference "SDWebImage" */;
			productName = SDWebImageMapKit;
		};
/* End XCSwiftPackageProductDependency section */
	};
	rootObject = AF4B1CF42C6A804A00FDA3EC /* Project object */;
}
